
Microsoft Visual Studio Solution File, Format Version 12.00
# Visual Studio Version 17
VisualStudioVersion = 17.12.35527.113
MinimumVisualStudioVersion = 10.0.40219.1
Project("{FAE04EC0-301F-11D3-BF4B-00C04F79EFBC}") = "HelloWorldApi", "HelloWorldApi\HelloWorldApi.csproj", "{599A1910-0E48-41B0-9B8A-88216F15946F}"
EndProject
Project("{FAE04EC0-301F-11D3-BF4B-00C04F79EFBC}") = "HelloWorldApi.UnitTests", "HelloWorldApi.UnitTests\HelloWorldApi.UnitTests.csproj", "{3A4B2547-2506-9935-1AFD-4282612F7B5C}"
EndProject
Global
	GlobalSection(SolutionConfigurationPlatforms) = preSolution
		Debug|Any CPU = Debug|Any CPU
		Release|Any CPU = Release|Any CPU
	EndGlobalSection
	GlobalSection(ProjectConfigurationPlatforms) = postSolution
		{599A1910-0E48-41B0-9B8A-88216F15946F}.Debug|Any CPU.ActiveCfg = Debug|Any CPU
		{599A1910-0E48-41B0-9B8A-88216F15946F}.Debug|Any CPU.Build.0 = Debug|Any CPU
		{599A1910-0E48-41B0-9B8A-88216F15946F}.Release|Any CPU.ActiveCfg = Release|Any CPU
		{599A1910-0E48-41B0-9B8A-88216F15946F}.Release|Any CPU.Build.0 = Release|Any CPU
		{3A4B2547-2506-9935-1AFD-4282612F7B5C}.Debug|Any CPU.ActiveCfg = Debug|Any CPU
		{3A4B2547-2506-9935-1AFD-4282612F7B5C}.Debug|Any CPU.Build.0 = Debug|Any CPU
		{3A4B2547-2506-9935-1AFD-4282612F7B5C}.Release|Any CPU.ActiveCfg = Release|Any CPU
		{3A4B2547-2506-9935-1AFD-4282612F7B5C}.Release|Any CPU.Build.0 = Release|Any CPU
	EndGlobalSection
	GlobalSection(SolutionProperties) = preSolution
		HideSolutionNode = FALSE
	EndGlobalSection
EndGlobal
